
Microsoft Visual Studio Solution File, Format Version 12.00
# Visual Studio Version 16
VisualStudioVersion = 16.0.29001.49
MinimumVisualStudioVersion = 10.0.40219.1
Project("{FAE04EC0-301F-11D3-BF4B-00C04F79EFBC}") = "bzflag-launcher", "bzflag-launcher.csproj", "{2538403F-0676-4C9E-AADB-3E8A054C1712}"
EndProject
Global
	GlobalSection(SolutionConfigurationPlatforms) = preSolution
		Debug|Any CPU = Debug|Any CPU
		Release|Any CPU = Release|Any CPU
	EndGlobalSection
	GlobalSection(ProjectConfigurationPlatforms) = postSolution
		{2538403F-0676-4C9E-AADB-3E8A054C1712}.Debug|Any CPU.ActiveCfg = Debug|Any CPU
		{2538403F-0676-4C9E-AADB-3E8A054C1712}.Debug|Any CPU.Build.0 = Debug|Any CPU
		{2538403F-0676-4C9E-AADB-3E8A054C1712}.Release|Any CPU.ActiveCfg = Release|Any CPU
		{2538403F-0676-4C9E-AADB-3E8A054C1712}.Release|Any CPU.Build.0 = Release|Any CPU
	EndGlobalSection
	GlobalSection(SolutionProperties) = preSolution
		HideSolutionNode = FALSE
	EndGlobalSection
	GlobalSection(ExtensibilityGlobals) = postSolution
		SolutionGuid = {CED98D0E-1929-45F7-9510-578454DEFECC}
	EndGlobalSection
EndGlobal
